// !$*UTF8*$!
{
	archiveVersion = 1;
	classes = {
	};
	objectVersion = 46;
	objects = {

/* Begin PBXBuildFile section */
		2F26DFDD1B81952700A7ECE6 /* main.m in Sources */ = {isa = PBXBuildFile; fileRef = 2F26DFDC1B81952700A7ECE6 /* main.m */; };
		2F26DFE01B81952700A7ECE6 /* AppDelegate.m in Sources */ = {isa = PBXBuildFile; fileRef = 2F26DFDF1B81952700A7ECE6 /* AppDelegate.m */; };
		2F26DFE31B81952700A7ECE6 /* ViewController.m in Sources */ = {isa = PBXBuildFile; fileRef = 2F26DFE21B81952700A7ECE6 /* ViewController.m */; };
		2F26DFE61B81952700A7ECE6 /* Main.storyboard in Resources */ = {isa = PBXBuildFile; fileRef = 2F26DFE41B81952700A7ECE6 /* Main.storyboard */; };
		2F26DFE81B81952700A7ECE6 /* Images.xcassets in Resources */ = {isa = PBXBuildFile; fileRef = 2F26DFE71B81952700A7ECE6 /* Images.xcassets */; };
		2F26DFEB1B81952700A7ECE6 /* LaunchScreen.xib in Resources */ = {isa = PBXBuildFile; fileRef = 2F26DFE91B81952700A7ECE6 /* LaunchScreen.xib */; };
		2F26DFF71B81952700A7ECE6 /* UIScrollView_SolutionTests.m in Sources */ = {isa = PBXBuildFile; fileRef = 2F26DFF61B81952700A7ECE6 /* UIScrollView_SolutionTests.m */; };
		2F26E0011B81962900A7ECE6 /* worldMap.jpeg in Resources */ = {isa = PBXBuildFile; fileRef = 2F26E0001B81962900A7ECE6 /* worldMap.jpeg */; };
/* End PBXBuildFile section */

/* Begin PBXContainerItemProxy section */
		2F26DFF11B81952700A7ECE6 /* PBXContainerItemProxy */ = {
			isa = PBXContainerItemProxy;
			containerPortal = 2F26DFCF1B81952700A7ECE6 /* Project object */;
			proxyType = 1;
			remoteGlobalIDString = 2F26DFD61B81952700A7ECE6;
			remoteInfo = "UIScrollView Solution";
		};
/* End PBXContainerItemProxy section */

/* Begin PBXFileReference section */
		2F26DFD71B81952700A7ECE6 /* UIScrollView Solution.app */ = {isa = PBXFileReference; explicitFileType = wrapper.application; includeInIndex = 0; path = "UIScrollView Solution.app"; sourceTree = BUILT_PRODUCTS_DIR; };
		2F26DFDB1B81952700A7ECE6 /* Info.plist */ = {isa = PBXFileReference; lastKnownFileType = text.plist.xml; path = Info.plist; sourceTree = "<group>"; };
		2F26DFDC1B81952700A7ECE6 /* main.m */ = {isa = PBXFileReference; lastKnownFileType = sourcecode.c.objc; path = main.m; sourceTree = "<group>"; };
		2F26DFDE1B81952700A7ECE6 /* AppDelegate.h */ = {isa = PBXFileReference; lastKnownFileType = sourcecode.c.h; path = AppDelegate.h; sourceTree = "<group>"; };
		2F26DFDF1B81952700A7ECE6 /* AppDelegate.m */ = {isa = PBXFileReference; lastKnownFileType = sourcecode.c.objc; path = AppDelegate.m; sourceTree = "<group>"; };
		2F26DFE11B81952700A7ECE6 /* ViewController.h */ = {isa = PBXFileReference; lastKnownFileType = sourcecode.c.h; path = ViewController.h; sourceTree = "<group>"; };
		2F26DFE21B81952700A7ECE6 /* ViewController.m */ = {isa = PBXFileReference; lastKnownFileType = sourcecode.c.objc; path = ViewController.m; sourceTree = "<group>"; };
		2F26DFE51B81952700A7ECE6 /* Base */ = {isa = PBXFileReference; lastKnownFileType = file.storyboard; name = Base; path = Base.lproj/Main.storyboard; sourceTree = "<group>"; };
		2F26DFE71B81952700A7ECE6 /* Images.xcassets */ = {isa = PBXFileReference; lastKnownFileType = folder.assetcatalog; path = Images.xcassets; sourceTree = "<group>"; };
		2F26DFEA1B81952700A7ECE6 /* Base */ = {isa = PBXFileReference; lastKnownFileType = file.xib; name = Base; path = Base.lproj/LaunchScreen.xib; sourceTree = "<group>"; };
		2F26DFF01B81952700A7ECE6 /* UIScrollView SolutionTests.xctest */ = {isa = PBXFileReference; explicitFileType = wrapper.cfbundle; includeInIndex = 0; path = "UIScrollView SolutionTests.xctest"; sourceTree = BUILT_PRODUCTS_DIR; };
		2F26DFF51B81952700A7ECE6 /* Info.plist */ = {isa = PBXFileReference; lastKnownFileType = text.plist.xml; path = Info.plist; sourceTree = "<group>"; };
		2F26DFF61B81952700A7ECE6 /* UIScrollView_SolutionTests.m */ = {isa = PBXFileReference; lastKnownFileType = sourcecode.c.objc; path = UIScrollView_SolutionTests.m; sourceTree = "<group>"; };
		2F26E0001B81962900A7ECE6 /* worldMap.jpeg */ = {isa = PBXFileReference; lastKnownFileType = image.jpeg; name = worldMap.jpeg; path = ../../../../Downloads/worldMap.jpeg; sourceTree = "<group>"; };
/* End PBXFileReference section */

/* Begin PBXFrameworksBuildPhase section */
		2F26DFD41B81952700A7ECE6 /* Frameworks */ = {
			isa = PBXFrameworksBuildPhase;
			buildActionMask = 2147483647;
			files = (
			);
			runOnlyForDeploymentPostprocessing = 0;
		};
		2F26DFED1B81952700A7ECE6 /* Frameworks */ = {
			isa = PBXFrameworksBuildPhase;
			buildActionMask = 2147483647;
			files = (
			);
			runOnlyForDeploymentPostprocessing = 0;
		};
/* End PBXFrameworksBuildPhase section */

/* Begin PBXGroup section */
		2F26DFCE1B81952700A7ECE6 = {
			isa = PBXGroup;
			children = (
				2F26DFD91B81952700A7ECE6 /* UIScrollView Solution */,
				2F26DFF31B81952700A7ECE6 /* UIScrollView SolutionTests */,
				2F26DFD81B81952700A7ECE6 /* Products */,
			);
			sourceTree = "<group>";
		};
		2F26DFD81B81952700A7ECE6 /* Products */ = {
			isa = PBXGroup;
			children = (
				2F26DFD71B81952700A7ECE6 /* UIScrollView Solution.app */,
				2F26DFF01B81952700A7ECE6 /* UIScrollView SolutionTests.xctest */,
			);
			name = Products;
			sourceTree = "<group>";
		};
		2F26DFD91B81952700A7ECE6 /* UIScrollView Solution */ = {
			isa = PBXGroup;
			children = (
				2F26DFDE1B81952700A7ECE6 /* AppDelegate.h */,
				2F26DFDF1B81952700A7ECE6 /* AppDelegate.m */,
				2F26DFE11B81952700A7ECE6 /* ViewController.h */,
				2F26DFE21B81952700A7ECE6 /* ViewController.m */,
				2F26DFE41B81952700A7ECE6 /* Main.storyboard */,
				2F26DFE71B81952700A7ECE6 /* Images.xcassets */,
				2F26DFE91B81952700A7ECE6 /* LaunchScreen.xib */,
				2F26DFDA1B81952700A7ECE6 /* Supporting Files */,
			);
			path = "UIScrollView Solution";
			sourceTree = "<group>";
		};
		2F26DFDA1B81952700A7ECE6 /* Supporting Files */ = {
			isa = PBXGroup;
			children = (
				2F26E0001B81962900A7ECE6 /* worldMap.jpeg */,
				2F26DFDB1B81952700A7ECE6 /* Info.plist */,
				2F26DFDC1B81952700A7ECE6 /* main.m */,
			);
			name = "Supporting Files";
			sourceTree = "<group>";
		};
		2F26DFF31B81952700A7ECE6 /* UIScrollView SolutionTests */ = {
			isa = PBXGroup;
			children = (
				2F26DFF61B81952700A7ECE6 /* UIScrollView_SolutionTests.m */,
				2F26DFF41B81952700A7ECE6 /* Supporting Files */,
			);
			path = "UIScrollView SolutionTests";
			sourceTree = "<group>";
		};
		2F26DFF41B81952700A7ECE6 /* Supporting Files */ = {
			isa = PBXGroup;
			children = (
				2F26DFF51B81952700A7ECE6 /* Info.plist */,
			);
			name = "Supporting Files";
			sourceTree = "<group>";
		};
/* End PBXGroup section */

/* Begin PBXNativeTarget section */
		2F26DFD61B81952700A7ECE6 /* UIScrollView Solution */ = {
			isa = PBXNativeTarget;
			buildConfigurationList = 2F26DFFA1B81952700A7ECE6 /* Build configuration list for PBXNativeTarget "UIScrollView Solution" */;
			buildPhases = (
				2F26DFD31B81952700A7ECE6 /* Sources */,
				2F26DFD41B81952700A7ECE6 /* Frameworks */,
				2F26DFD51B81952700A7ECE6 /* Resources */,
			);
			buildRules = (
			);
			dependencies = (
			);
			name = "UIScrollView Solution";
			productName = "UIScrollView Solution";
			productReference = 2F26DFD71B81952700A7ECE6 /* UIScrollView Solution.app */;
			productType = "com.apple.product-type.application";
		};
		2F26DFEF1B81952700A7ECE6 /* UIScrollView SolutionTests */ = {
			isa = PBXNativeTarget;
			buildConfigurationList = 2F26DFFD1B81952700A7ECE6 /* Build configuration list for PBXNativeTarget "UIScrollView SolutionTests" */;
			buildPhases = (
				2F26DFEC1B81952700A7ECE6 /* Sources */,
				2F26DFED1B81952700A7ECE6 /* Frameworks */,
				2F26DFEE1B81952700A7ECE6 /* Resources */,
			);
			buildRules = (
			);
			dependencies = (
				2F26DFF21B81952700A7ECE6 /* PBXTargetDependency */,
			);
			name = "UIScrollView SolutionTests";
			productName = "UIScrollView SolutionTests";
			productReference = 2F26DFF01B81952700A7ECE6 /* UIScrollView SolutionTests.xctest */;
			productType = "com.apple.product-type.bundle.unit-test";
		};
/* End PBXNativeTarget section */

/* Begin PBXProject section */
		2F26DFCF1B81952700A7ECE6 /* Project object */ = {
			isa = PBXProject;
			attributes = {
				LastUpgradeCheck = 0640;
				ORGANIZATIONNAME = "Emmanuel Cuevas";
				TargetAttributes = {
					2F26DFD61B81952700A7ECE6 = {
						CreatedOnToolsVersion = 6.4;
					};
					2F26DFEF1B81952700A7ECE6 = {
						CreatedOnToolsVersion = 6.4;
						TestTargetID = 2F26DFD61B81952700A7ECE6;
					};
				};
			};
			buildConfigurationList = 2F26DFD21B81952700A7ECE6 /* Build configuration list for PBXProject "UIScrollView Solution" */;
			compatibilityVersion = "Xcode 3.2";
			developmentRegion = English;
			hasScannedForEncodings = 0;
			knownRegions = (
				en,
				Base,
			);
			mainGroup = 2F26DFCE1B81952700A7ECE6;
			productRefGroup = 2F26DFD81B81952700A7ECE6 /* Products */;
			projectDirPath = "";
			projectRoot = "";
			targets = (
				2F26DFD61B81952700A7ECE6 /* UIScrollView Solution */,
				2F26DFEF1B81952700A7ECE6 /* UIScrollView SolutionTests */,
			);
		};
/* End PBXProject section */

/* Begin PBXResourcesBuildPhase section */
		2F26DFD51B81952700A7ECE6 /* Resources */ = {
			isa = PBXResourcesBuildPhase;
			buildActionMask = 2147483647;
			files = (
				2F26DFE61B81952700A7ECE6 /* Main.storyboard in Resources */,
				2F26DFEB1B81952700A7ECE6 /* LaunchScreen.xib in Resources */,
				2F26DFE81B81952700A7ECE6 /* Images.xcassets in Resources */,
				2F26E0011B81962900A7ECE6 /* worldMap.jpeg in Resources */,
			);
			runOnlyForDeploymentPostprocessing = 0;
		};
		2F26DFEE1B81952700A7ECE6 /* Resources */ = {
			isa = PBXResourcesBuildPhase;
			buildActionMask = 2147483647;
			files = (
			);
			runOnlyForDeploymentPostprocessing = 0;
		};
/* End PBXResourcesBuildPhase section */

/* Begin PBXSourcesBuildPhase section */
		2F26DFD31B81952700A7ECE6 /* Sources */ = {
			isa = PBXSourcesBuildPhase;
			buildActionMask = 2147483647;
			files = (
				2F26DFE31B81952700A7ECE6 /* ViewController.m in Sources */,
				2F26DFE01B81952700A7ECE6 /* AppDelegate.m in Sources */,
				2F26DFDD1B81952700A7ECE6 /* main.m in Sources */,
			);
			runOnlyForDeploymentPostprocessing = 0;
		};
		2F26DFEC1B81952700A7ECE6 /* Sources */ = {
			isa = PBXSourcesBuildPhase;
			buildActionMask = 2147483647;
			files = (
				2F26DFF71B81952700A7ECE6 /* UIScrollView_SolutionTests.m in Sources */,
			);
			runOnlyForDeploymentPostprocessing = 0;
		};
/* End PBXSourcesBuildPhase section */

/* Begin PBXTargetDependency section */
		2F26DFF21B81952700A7ECE6 /* PBXTargetDependency */ = {
			isa = PBXTargetDependency;
			target = 2F26DFD61B81952700A7ECE6 /* UIScrollView Solution */;
			targetProxy = 2F26DFF11B81952700A7ECE6 /* PBXContainerItemProxy */;
		};
/* End PBXTargetDependency section */

/* Begin PBXVariantGroup section */
		2F26DFE41B81952700A7ECE6 /* Main.storyboard */ = {
			isa = PBXVariantGroup;
			children = (
				2F26DFE51B81952700A7ECE6 /* Base */,
			);
			name = Main.storyboard;
			sourceTree = "<group>";
		};
		2F26DFE91B81952700A7ECE6 /* LaunchScreen.xib */ = {
			isa = PBXVariantGroup;
			children = (
				2F26DFEA1B81952700A7ECE6 /* Base */,
			);
			name = LaunchScreen.xib;
			sourceTree = "<group>";
		};
/* End PBXVariantGroup section */

/* Begin XCBuildConfiguration section */
		2F26DFF81B81952700A7ECE6 /* Debug */ = {
			isa = XCBuildConfiguration;
			buildSettings = {
				ALWAYS_SEARCH_USER_PATHS = NO;
				CLANG_CXX_LANGUAGE_STANDARD = "gnu++0x";
				CLANG_CXX_LIBRARY = "libc++";
				CLANG_ENABLE_MODULES = YES;
				CLANG_ENABLE_OBJC_ARC = YES;
				CLANG_WARN_BOOL_CONVERSION = YES;
				CLANG_WARN_CONSTANT_CONVERSION = YES;
				CLANG_WARN_DIRECT_OBJC_ISA_USAGE = YES_ERROR;
				CLANG_WARN_EMPTY_BODY = YES;
				CLANG_WARN_ENUM_CONVERSION = YES;
				CLANG_WARN_INT_CONVERSION = YES;
				CLANG_WARN_OBJC_ROOT_CLASS = YES_ERROR;
				CLANG_WARN_UNREACHABLE_CODE = YES;
				CLANG_WARN__DUPLICATE_METHOD_MATCH = YES;
				"CODE_SIGN_IDENTITY[sdk=iphoneos*]" = "iPhone Developer";
				COPY_PHASE_STRIP = NO;
				DEBUG_INFORMATION_FORMAT = "dwarf-with-dsym";
				ENABLE_STRICT_OBJC_MSGSEND = YES;
				GCC_C_LANGUAGE_STANDARD = gnu99;
				GCC_DYNAMIC_NO_PIC = NO;
				GCC_NO_COMMON_BLOCKS = YES;
				GCC_OPTIMIZATION_LEVEL = 0;
				GCC_PREPROCESSOR_DEFINITIONS = (
					"DEBUG=1",
					"$(inherited)",
				);
				GCC_SYMBOLS_PRIVATE_EXTERN = NO;
				GCC_WARN_64_TO_32_BIT_CONVERSION = YES;
				GCC_WARN_ABOUT_RETURN_TYPE = YES_ERROR;
				GCC_WARN_UNDECLARED_SELECTOR = YES;
				GCC_WARN_UNINITIALIZED_AUTOS = YES_AGGRESSIVE;
				GCC_WARN_UNUSED_FUNCTION = YES;
				GCC_WARN_UNUSED_VARIABLE = YES;
				IPHONEOS_DEPLOYMENT_TARGET = 8.4;
				MTL_ENABLE_DEBUG_INFO = YES;
				ONLY_ACTIVE_ARCH = YES;
				SDKROOT = iphoneos;
			};
			name = Debug;
		};
		2F26DFF91B81952700A7ECE6 /* Release */ = {
			isa = XCBuildConfiguration;
			buildSettings = {
				ALWAYS_SEARCH_USER_PATHS = NO;
				CLANG_CXX_LANGUAGE_STANDARD = "gnu++0x";
				CLANG_CXX_LIBRARY = "libc++";
				CLANG_ENABLE_MODULES = YES;
				CLANG_ENABLE_OBJC_ARC = YES;
				CLANG_WARN_BOOL_CONVERSION = YES;
				CLANG_WARN_CONSTANT_CONVERSION = YES;
				CLANG_WARN_DIRECT_OBJC_ISA_USAGE = YES_ERROR;
				CLANG_WARN_EMPTY_BODY = YES;
				CLANG_WARN_ENUM_CONVERSION = YES;
				CLANG_WARN_INT_CONVERSION = YES;
				CLANG_WARN_OBJC_ROOT_CLASS = YES_ERROR;
				CLANG_WARN_UNREACHABLE_CODE = YES;
				CLANG_WARN__DUPLICATE_METHOD_MATCH = YES;
				"CODE_SIGN_IDENTITY[sdk=iphoneos*]" = "iPhone Developer";
				COPY_PHASE_STRIP = NO;
				DEBUG_INFORMATION_FORMAT = "dwarf-with-dsym";
				ENABLE_NS_ASSERTIONS = NO;
				ENABLE_STRICT_OBJC_MSGSEND = YES;
				GCC_C_LANGUAGE_STANDARD = gnu99;
				GCC_NO_COMMON_BLOCKS = YES;
				GCC_WARN_64_TO_32_BIT_CONVERSION = YES;
				GCC_WARN_ABOUT_RETURN_TYPE = YES_ERROR;
				GCC_WARN_UNDECLARED_SELECTOR = YES;
				GCC_WARN_UNINITIALIZED_AUTOS = YES_AGGRESSIVE;
				GCC_WARN_UNUSED_FUNCTION = YES;
				GCC_WARN_UNUSED_VARIABLE = YES;
				IPHONEOS_DEPLOYMENT_TARGET = 8.4;
				MTL_ENABLE_DEBUG_INFO = NO;
				SDKROOT = iphoneos;
				VALIDATE_PRODUCT = YES;
			};
			name = Release;
		};
		2F26DFFB1B81952700A7ECE6 /* Debug */ = {
			isa = XCBuildConfiguration;
			buildSettings = {
				ASSETCATALOG_COMPILER_APPICON_NAME = AppIcon;
				INFOPLIST_FILE = "UIScrollView Solution/Info.plist";
				LD_RUNPATH_SEARCH_PATHS = "$(inherited) @executable_path/Frameworks";
				PRODUCT_NAME = "$(TARGET_NAME)";
			};
			name = Debug;
		};
		2F26DFFC1B81952700A7ECE6 /* Release */ = {
			isa = XCBuildConfiguration;
			buildSettings = {
				ASSETCATALOG_COMPILER_APPICON_NAME = AppIcon;
				INFOPLIST_FILE = "UIScrollView Solution/Info.plist";
				LD_RUNPATH_SEARCH_PATHS = "$(inherited) @executable_path/Frameworks";
				PRODUCT_NAME = "$(TARGET_NAME)";
			};
			name = Release;
		};
		2F26DFFE1B81952700A7ECE6 /* Debug */ = {
			isa = XCBuildConfiguration;
			buildSettings = {
				BUNDLE_LOADER = "$(TEST_HOST)";
				FRAMEWORK_SEARCH_PATHS = (
					"$(SDKROOT)/Developer/Library/Frameworks",
					"$(inherited)",
				);
				GCC_PREPROCESSOR_DEFINITIONS = (
					"DEBUG=1",
					"$(inherited)",
				);
				INFOPLIST_FILE = "UIScrollView SolutionTests/Info.plist";
				LD_RUNPATH_SEARCH_PATHS = "$(inherited) @executable_path/Frameworks @loader_path/Frameworks";
				PRODUCT_NAME = "$(TARGET_NAME)";
				TEST_HOST = "$(BUILT_PRODUCTS_DIR)/UIScrollView Solution.app/UIScrollView Solution";
			};
			name = Debug;
		};
		2F26DFFF1B81952700A7ECE6 /* Release */ = {
			isa = XCBuildConfiguration;
			buildSettings = {
				BUNDLE_LOADER = "$(TEST_HOST)";
				FRAMEWORK_SEARCH_PATHS = (
					"$(SDKROOT)/Developer/Library/Frameworks",
					"$(inherited)",
				);
				INFOPLIST_FILE = "UIScrollView SolutionTests/Info.plist";
				LD_RUNPATH_SEARCH_PATHS = "$(inherited) @executable_path/Frameworks @loader_path/Frameworks";
				PRODUCT_NAME = "$(TARGET_NAME)";
				TEST_HOST = "$(BUILT_PRODUCTS_DIR)/UIScrollView Solution.app/UIScrollView Solution";
			};
			name = Release;
		};
/* End XCBuildConfiguration section */

/* Begin XCConfigurationList section */
		2F26DFD21B81952700A7ECE6 /* Build configuration list for PBXProject "UIScrollView Solution" */ = {
			isa = XCConfigurationList;
			buildConfigurations = (
				2F26DFF81B81952700A7ECE6 /* Debug */,
				2F26DFF91B81952700A7ECE6 /* Release */,
			);
			defaultConfigurationIsVisible = 0;
			defaultConfigurationName = Release;
		};
		2F26DFFA1B81952700A7ECE6 /* Build configuration list for PBXNativeTarget "UIScrollView Solution" */ = {
			isa = XCConfigurationList;
			buildConfigurations = (
				2F26DFFB1B81952700A7ECE6 /* Debug */,
				2F26DFFC1B81952700A7ECE6 /* Release */,
			);
			defaultConfigurationIsVisible = 0;
		};
		2F26DFFD1B81952700A7ECE6 /* Build configuration list for PBXNativeTarget "UIScrollView SolutionTests" */ = {
			isa = XCConfigurationList;
			buildConfigurations = (
				2F26DFFE1B81952700A7ECE6 /* Debug */,
				2F26DFFF1B81952700A7ECE6 /* Release */,
			);
			defaultConfigurationIsVisible = 0;
		};
/* End XCConfigurationList section */
	};
	rootObject = 2F26DFCF1B81952700A7ECE6 /* Project object */;
}
